[[package]]
category = "main"
description = "Abseil Python Common Libraries, see https://github.com/abseil/abseil-py."
name = "absl-py"
optional = false
python-versions = "*"
version = "0.9.0"

[package.dependencies]
six = "*"

[[package]]
category = "main"
description = "Read/rewrite/write Python ASTs"
name = "astor"
optional = false
python-versions = "!=3.0.*,!=3.1.*,!=3.2.*,!=3.3.*,>=2.7"
version = "0.8.1"

[[package]]
category = "dev"
description = "Atomic file writes."
name = "atomicwrites"
optional = false
python-versions = ">=2.7, !=3.0.*, !=3.1.*, !=3.2.*, !=3.3.*"
version = "1.3.0"

[[package]]
category = "dev"
description = "Classes Without Boilerplate"
name = "attrs"
optional = false
python-versions = ">=2.7, !=3.0.*, !=3.1.*, !=3.2.*, !=3.3.*"
version = "19.3.0"

[[package]]
category = "main"
description = "Extensible memoizing collections and decorators"
name = "cachetools"
optional = false
python-versions = "~=3.5"
version = "4.0.0"

[[package]]
category = "main"
description = "Python package for providing Mozilla's CA Bundle."
name = "certifi"
optional = false
python-versions = "*"
version = "2019.11.28"

[[package]]
category = "main"
description = "Universal encoding detector for Python 2 and 3"
name = "chardet"
optional = false
python-versions = "*"
version = "3.0.4"

[[package]]
category = "dev"
description = "Cross-platform colored terminal text."
marker = "sys_platform == \"win32\""
name = "colorama"
optional = false
python-versions = ">=2.7, !=3.0.*, !=3.1.*, !=3.2.*, !=3.3.*, !=3.4.*"
version = "0.4.3"

[[package]]
category = "main"
description = "Python AST that abstracts the underlying Python version"
name = "gast"
optional = false
python-versions = ">=2.7, !=3.0.*, !=3.1.*, !=3.2.*, !=3.3.*"
version = "0.2.2"

[[package]]
category = "main"
description = "Google Authentication Library"
name = "google-auth"
optional = false
python-versions = ">=2.7,!=3.0.*,!=3.1.*,!=3.2.*,!=3.3.*"
version = "1.11.2"

[package.dependencies]
cachetools = ">=2.0.0,<5.0"
pyasn1-modules = ">=0.2.1"
rsa = ">=3.1.4,<4.1"
setuptools = ">=40.3.0"
six = ">=1.9.0"

[[package]]
category = "main"
description = "Google Authentication Library"
name = "google-auth-oauthlib"
optional = false
python-versions = "*"
version = "0.4.1"

[package.dependencies]
google-auth = "*"
requests-oauthlib = ">=0.7.0"

[[package]]
category = "main"
description = "pasta is an AST-based Python refactoring library"
name = "google-pasta"
optional = false
python-versions = "*"
version = "0.1.8"

[package.dependencies]
six = "*"

[[package]]
category = "main"
description = "HTTP/2-based RPC framework"
name = "grpcio"
optional = false
python-versions = "*"
version = "1.27.2"

[package.dependencies]
six = ">=1.5.2"

[[package]]
category = "main"
description = "Read and write HDF5 files from Python"
name = "h5py"
optional = false
python-versions = "*"
version = "2.10.0"

[package.dependencies]
numpy = ">=1.7"
six = "*"

[[package]]
category = "main"
description = "Internationalized Domain Names in Applications (IDNA)"
name = "idna"
optional = false
python-versions = ">=2.7, !=3.0.*, !=3.1.*, !=3.2.*, !=3.3.*"
version = "2.9"

[[package]]
category = "dev"
description = "Read metadata from Python packages"
marker = "python_version < \"3.8\""
name = "importlib-metadata"
optional = false
python-versions = "!=3.0.*,!=3.1.*,!=3.2.*,!=3.3.*,!=3.4.*,>=2.7"
version = "1.5.0"

[package.dependencies]
zipp = ">=0.5"

[[package]]
category = "main"
description = "Reference implementations of popular deep learning models"
name = "keras-applications"
optional = false
python-versions = "*"
version = "1.0.8"

[package.dependencies]
h5py = "*"
numpy = ">=1.9.1"

[[package]]
category = "main"
description = "Easy data preprocessing and data augmentation for deep learning models"
name = "keras-preprocessing"
optional = false
python-versions = "*"
version = "1.1.0"

[package.dependencies]
numpy = ">=1.9.1"
six = ">=1.9.0"

[[package]]
category = "main"
description = "Python implementation of Markdown."
name = "markdown"
optional = false
python-versions = ">=3.5"
version = "3.2.1"

[package.dependencies]
setuptools = ">=36"

[[package]]
category = "dev"
description = "More routines for operating on iterables, beyond itertools"
name = "more-itertools"
optional = false
python-versions = ">=3.5"
version = "8.2.0"

[[package]]
category = "main"
description = "NumPy is the fundamental package for array computing with Python."
name = "numpy"
optional = false
python-versions = ">=3.5"
version = "1.18.1"

[[package]]
category = "main"
description = "A generic, spec-compliant, thorough implementation of the OAuth request-signing logic"
name = "oauthlib"
optional = false
python-versions = ">=2.7, !=3.0.*, !=3.1.*, !=3.2.*, !=3.3.*"
version = "3.1.0"

[[package]]
category = "main"
description = "Optimizing numpys einsum function"
name = "opt-einsum"
optional = false
python-versions = ">=3.5"
version = "3.1.0"

[package.dependencies]
numpy = ">=1.7"

[[package]]
category = "dev"
description = "plugin and hook calling mechanisms for python"
name = "pluggy"
optional = false
python-versions = ">=2.7, !=3.0.*, !=3.1.*, !=3.2.*, !=3.3.*"
version = "0.13.1"

[package.dependencies]
[package.dependencies.importlib-metadata]
python = "<3.8"
version = ">=0.12"

[[package]]
category = "main"
description = "Protocol Buffers"
name = "protobuf"
optional = false
python-versions = "*"
version = "3.11.3"

[package.dependencies]
setuptools = "*"
six = ">=1.9"

[[package]]
category = "dev"
description = "library with cross-python path, ini-parsing, io, code, log facilities"
name = "py"
optional = false
python-versions = ">=2.7, !=3.0.*, !=3.1.*, !=3.2.*, !=3.3.*"
version = "1.8.1"

[[package]]
category = "main"
description = "ASN.1 types and codecs"
name = "pyasn1"
optional = false
python-versions = "*"
version = "0.4.8"

[[package]]
category = "main"
description = "A collection of ASN.1-based protocols modules."
name = "pyasn1-modules"
optional = false
python-versions = "*"
version = "0.2.8"

[package.dependencies]
pyasn1 = ">=0.4.6,<0.5.0"

[[package]]
category = "dev"
description = "pytest: simple powerful testing with Python"
name = "pytest"
optional = false
python-versions = ">=2.7, !=3.0.*, !=3.1.*, !=3.2.*, !=3.3.*"
version = "3.10.1"

[package.dependencies]
atomicwrites = ">=1.0"
attrs = ">=17.4.0"
colorama = "*"
more-itertools = ">=4.0.0"
pluggy = ">=0.7"
py = ">=1.5.0"
setuptools = "*"
six = ">=1.10.0"

[[package]]
category = "main"
description = "Python HTTP for Humans."
name = "requests"
optional = false
python-versions = ">=2.7, !=3.0.*, !=3.1.*, !=3.2.*, !=3.3.*, !=3.4.*"
version = "2.23.0"

[package.dependencies]
certifi = ">=2017.4.17"
chardet = ">=3.0.2,<4"
idna = ">=2.5,<3"
urllib3 = ">=1.21.1,<1.25.0 || >1.25.0,<1.25.1 || >1.25.1,<1.26"

[[package]]
category = "main"
description = "OAuthlib authentication support for Requests."
name = "requests-oauthlib"
optional = false
python-versions = ">=2.7, !=3.0.*, !=3.1.*, !=3.2.*, !=3.3.*"
version = "1.3.0"

[package.dependencies]
oauthlib = ">=3.0.0"
requests = ">=2.0.0"

[[package]]
category = "main"
description = "Pure-Python RSA implementation"
name = "rsa"
optional = false
python-versions = "*"
version = "4.0"

[package.dependencies]
pyasn1 = ">=0.1.3"

[[package]]
category = "main"
description = "SciPy: Scientific Library for Python"
marker = "python_version >= \"3\""
name = "scipy"
optional = false
python-versions = ">=3.5"
version = "1.4.1"

[package.dependencies]
numpy = ">=1.13.3"

[[package]]
category = "main"
description = "Python 2 and 3 compatibility utilities"
name = "six"
optional = false
python-versions = ">=2.7, !=3.0.*, !=3.1.*, !=3.2.*"
version = "1.14.0"

[[package]]
category = "main"
description = "TensorBoard lets you watch Tensors Flow"
name = "tensorboard"
optional = false
python-versions = ">= 2.7, != 3.0.*, != 3.1.*"
version = "2.1.0"

[package.dependencies]
absl-py = ">=0.4"
google-auth = ">=1.6.3,<2"
google-auth-oauthlib = ">=0.4.1,<0.5"
grpcio = ">=1.24.3"
markdown = ">=2.6.8"
numpy = ">=1.12.0"
protobuf = ">=3.6.0"
requests = ">=2.21.0,<3"
setuptools = ">=41.0.0"
six = ">=1.10.0"
werkzeug = ">=0.11.15"

[package.dependencies.wheel]
python = ">=3"
version = ">=0.26"

[[package]]
category = "main"
description = "TensorFlow is an open source machine learning framework for everyone."
name = "tensorflow"
optional = false
python-versions = "*"
version = "2.1.0"

[package.dependencies]
absl-py = ">=0.7.0"
astor = ">=0.6.0"
gast = "0.2.2"
google-pasta = ">=0.1.6"
grpcio = ">=1.8.6"
keras-applications = ">=1.0.8"
keras-preprocessing = ">=1.1.0"
numpy = ">=1.16.0,<2.0"
opt-einsum = ">=2.3.2"
protobuf = ">=3.8.0"
six = ">=1.12.0"
tensorboard = ">=2.1.0,<2.2.0"
tensorflow-estimator = ">=2.1.0rc0,<2.2.0"
termcolor = ">=1.1.0"
wrapt = ">=1.11.1"

[package.dependencies.scipy]
python = ">=3"
version = "1.4.1"

[package.dependencies.wheel]
python = ">=3"
version = ">=0.26"

[[package]]
category = "main"
description = "TensorFlow Estimator."
name = "tensorflow-estimator"
optional = false
python-versions = "*"
version = "2.1.0"

[[package]]
category = "main"
description = "ANSII Color formatting for output in terminal."
name = "termcolor"
optional = false
python-versions = "*"
version = "1.1.0"

[[package]]
category = "main"
description = "Tensors and Dynamic neural networks in Python with strong GPU acceleration"
name = "torch"
optional = false
python-versions = ">=2.7, !=3.0.*, !=3.1.*, !=3.2.*, !=3.3.*, !=3.4.*"
version = "1.4.0"

[[package]]
category = "main"
description = "HTTP library with thread-safe connection pooling, file post, and more."
name = "urllib3"
optional = false
python-versions = ">=2.7, !=3.0.*, !=3.1.*, !=3.2.*, !=3.3.*, !=3.4.*, <4"
version = "1.25.8"

[[package]]
category = "main"
description = "The comprehensive WSGI web application library."
name = "werkzeug"
optional = false
python-versions = ">=2.7, !=3.0.*, !=3.1.*, !=3.2.*, !=3.3.*, !=3.4.*"
version = "1.0.0"

[[package]]
category = "main"
description = "A built-package format for Python"
marker = "python_version >= \"3\""
name = "wheel"
optional = false
python-versions = ">=2.7, !=3.0.*, !=3.1.*, !=3.2.*, !=3.3.*, !=3.4.*"
version = "0.34.2"

[[package]]
category = "main"
description = "Module for decorators, wrappers and monkey patching."
name = "wrapt"
optional = false
python-versions = "*"
version = "1.12.0"

[[package]]
category = "dev"
description = "Backport of pathlib-compatible object wrapper for zip files"
marker = "python_version < \"3.8\""
name = "zipp"
optional = false
python-versions = ">=3.6"
version = "2.2.0"

[metadata]
content-hash = "0a399dab0f193699ab408490e0d1139170e669f84867da8a1a40e253f1627859"
python-versions = "^3.7"

[metadata.hashes]
absl-py = ["75e737d6ce7723d9ff9b7aa1ba3233c34be62ef18d5859e706b8fdc828989830"]
astor = ["070a54e890cefb5b3739d19f30f5a5ec840ffc9c50ffa7d23cc9fc1a38ebbfc5", "6a6effda93f4e1ce9f618779b2dd1d9d84f1e32812c23a29b3fff6fd7f63fa5e"]
atomicwrites = ["03472c30eb2c5d1ba9227e4c2ca66ab8287fbfbbda3888aa93dc2e28fc6811b4", "75a9445bac02d8d058d5e1fe689654ba5a6556a1dfd8ce6ec55a0ed79866cfa6"]
attrs = ["08a96c641c3a74e44eb59afb61a24f2cb9f4d7188748e76ba4bb5edfa3cb7d1c", "f7b7ce16570fe9965acd6d30101a28f62fb4a7f9e926b3bbc9b61f8b04247e72"]
cachetools = ["9a52dd97a85f257f4e4127f15818e71a0c7899f121b34591fcc1173ea79a0198", "b304586d357c43221856be51d73387f93e2a961598a9b6b6670664746f3b6c6c"]
certifi = ["017c25db2a153ce562900032d5bc68e9f191e44e9a0f762f373977de9df1fbb3", "25b64c7da4cd7479594d035c08c2d809eb4aab3a26e5a990ea98cc450c320f1f"]
chardet = ["84ab92ed1c4d4f16916e05906b6b75a6c0fb5db821cc65e70cbd64a3e2a5eaae", "fc323ffcaeaed0e0a02bf4d117757b98aed530d9ed4531e3e15460124c106691"]
colorama = ["7d73d2a99753107a36ac6b455ee49046802e59d9d076ef8e47b61499fa29afff", "e96da0d330793e2cb9485e9ddfd918d456036c7149416295932478192f4436a1"]
gast = ["fe939df4583692f0512161ec1c880e0a10e71e6a232da045ab8edd3756fbadf0"]
google-auth = ["1ee22e22f35d6e00f068d7b3999b2ce24ecb5d0dcbd485aa6896d2b83c8907d6", "28a848d47c55075a0f29d7e26b7a213515c137ab8f0670e546e46d1277060e47"]
google-auth-oauthlib = ["88d2cd115e3391eb85e1243ac6902e76e77c5fe438b7276b297fbe68015458dd", "a92a0f6f41a0fb6138454fbc02674e64f89d82a244ea32f98471733c8ef0e0e1"]
google-pasta = ["41bbe63bab92408452585ff2e1673ec1e35b88e163371cbed2a18510be4e8bc5", "644dcf3784cf7147ab01de5dc22e60a638d219d4e4a3a7464eb98997ae2fe66f", "713813a9f7d6589e5defdaf21e80e4392eb124662f8bd829acd51a4f8735c0cb"]
grpcio = ["02aef8ef1a5ac5f0836b543e462eb421df6048a7974211a906148053b8055ea6", "07f82aefb4a56c7e1e52b78afb77d446847d27120a838a1a0489260182096045", "1cff47297ee614e7ef66243dc34a776883ab6da9ca129ea114a802c5e58af5c1", "1ec8fc865d8da6d0713e2092a27eee344cd54628b2c2065a0e77fff94df4ae00", "1ef949b15a1f5f30651532a9b54edf3bd7c0b699a10931505fa2c80b2d395942", "209927e65395feb449783943d62a3036982f871d7f4045fadb90b2d82b153ea8", "25c77692ea8c0929d4ad400ea9c3dcbcc4936cee84e437e0ef80da58fa73d88a", "28f27c64dd699b8b10f70da5f9320c1cffcaefca7dd76275b44571bd097f276c", "355bd7d7ce5ff2917d217f0e8ddac568cb7403e1ce1639b35a924db7d13a39b6", "4a0a33ada3f6f94f855f92460896ef08c798dcc5f17d9364d1735c5adc9d7e4a", "4d3b6e66f32528bf43ca2297caca768280a8e068820b1c3dca0fcf9f03c7d6f1", "5121fa96c79fc0ec81825091d0be5c16865f834f41b31da40b08ee60552f9961", "57949756a3ce1f096fa2b00f812755f5ab2effeccedb19feeb7d0deafa3d1de7", "586d931736912865c9790c60ca2db29e8dc4eace160d5a79fec3e58df79a9386", "5ae532b93cf9ce5a2a549b74a2c35e3b690b171ece9358519b3039c7b84c887e", "5dab393ab96b2ce4012823b2f2ed4ee907150424d2f02b97bd6f8dd8f17cc866", "5ebc13451246de82f130e8ee7e723e8d7ae1827f14b7b0218867667b1b12c88d", "68a149a0482d0bc697aac702ec6efb9d380e0afebf9484db5b7e634146528371", "6db7ded10b82592c472eeeba34b9f12d7b0ab1e2dcad12f081b08ebdea78d7d6", "6e545908bcc2ae28e5b190ce3170f92d0438cf26a82b269611390114de0106eb", "6f328a3faaf81a2546a3022b3dfc137cc6d50d81082dbc0c94d1678943f05df3", "706e2dea3de33b0d8884c4d35ecd5911b4ff04d0697c4138096666ce983671a6", "80c3d1ce8820dd819d1c9d6b63b6f445148480a831173b572a9174a55e7abd47", "8111b61eee12d7af5c58f82f2c97c2664677a05df9225ef5cbc2f25398c8c454", "9713578f187fb1c4d00ac554fe1edcc6b3ddd62f5d4eb578b81261115802df8e", "9c0669ba9aebad540fb05a33beb7e659ea6e5ca35833fc5229c20f057db760e8", "9e9cfe55dc7ac2aa47e0fd3285ff829685f96803197042c9d2f0fb44e4b39b2c", "a22daaf30037b8e59d6968c76fe0f7ff062c976c7a026e92fbefc4c4bf3fc5a4", "a25b84e10018875a0f294a7649d07c43e8bc3e6a821714e39e5cd607a36386d7", "a71138366d57901597bfcc52af7f076ab61c046f409c7b429011cd68de8f9fe6", "b4efde5524579a9ce0459ca35a57a48ca878a4973514b8bb88cb80d7c9d34c85", "b78af4d42985ab3143d9882d0006f48d12f1bc4ba88e78f23762777c3ee64571", "bb2987eb3af9bcf46019be39b82c120c3d35639a95bc4ee2d08f36ecdf469345", "c03ce53690fe492845e14f4ab7e67d5a429a06db99b226b5c7caa23081c1e2bb", "c59b9280284b791377b3524c8e39ca7b74ae2881ba1a6c51b36f4f1bb94cee49", "d18b4c8cacbb141979bb44355ee5813dd4d307e9d79b3a36d66eca7e0a203df8", "d1e5563e3b7f844dbc48d709c9e4a75647e11d0387cc1fa0c861d3e9d34bc844", "d22c897b65b1408509099f1c3334bd3704f5e4eb7c0486c57d0e212f71cb8f54", "dbec0a3a154dbf2eb85b38abaddf24964fa1c059ee0a4ad55d6f39211b1a4bca", "ed123037896a8db6709b8ad5acc0ed435453726ea0b63361d12de369624c2ab5", "f3614dabd2cc8741850597b418bcf644d4f60e73615906c3acc407b78ff720b3", "f9d632ce9fd485119c968ec6a7a343de698c5e014d17602ae2f110f1b05925ed", "fb62996c61eeff56b59ab8abfcaa0859ec2223392c03d6085048b576b567459b"]
h5py = ["063947eaed5f271679ed4ffa36bb96f57bc14f44dd4336a827d9a02702e6ce6b", "13c87efa24768a5e24e360a40e0bc4c49bcb7ce1bb13a3a7f9902cec302ccd36", "16ead3c57141101e3296ebeed79c9c143c32bdd0e82a61a2fc67e8e6d493e9d1", "3dad1730b6470fad853ef56d755d06bb916ee68a3d8272b3bab0c1ddf83bb99e", "51ae56894c6c93159086ffa2c94b5b3388c0400548ab26555c143e7cfa05b8e5", "54817b696e87eb9e403e42643305f142cd8b940fe9b3b490bbf98c3b8a894cf4", "549ad124df27c056b2e255ea1c44d30fb7a17d17676d03096ad5cd85edb32dc1", "64f74da4a1dd0d2042e7d04cf8294e04ddad686f8eba9bb79e517ae582f6668d", "6998be619c695910cb0effe5eb15d3a511d3d1a5d217d4bd0bebad1151ec2262", "6ef7ab1089e3ef53ca099038f3c0a94d03e3560e6aff0e9d6c64c55fb13fc681", "769e141512b54dee14ec76ed354fcacfc7d97fea5a7646b709f7400cf1838630", "79b23f47c6524d61f899254f5cd5e486e19868f1823298bc0c29d345c2447172", "7be5754a159236e95bd196419485343e2b5875e806fe68919e087b6351f40a70", "84412798925dc870ffd7107f045d7659e60f5d46d1c70c700375248bf6bf512d", "86868dc07b9cc8cb7627372a2e6636cdc7a53b7e2854ad020c9e9d8a4d3fd0f5", "8bb1d2de101f39743f91512a9750fb6c351c032e5cd3204b4487383e34da7f75", "a5f82cd4938ff8761d9760af3274acf55afc3c91c649c50ab18fcff5510a14a5", "aac4b57097ac29089f179bbc2a6e14102dd210618e94d77ee4831c65f82f17c0", "bffbc48331b4a801d2f4b7dac8a72609f0b10e6e516e5c480a3e3241e091c878", "c0d4b04bbf96c47b6d360cd06939e72def512b20a18a8547fa4af810258355d5", "c54a2c0dd4957776ace7f95879d81582298c5daf89e77fb8bee7378f132951de", "cbf28ae4b5af0f05aa6e7551cee304f1d317dbed1eb7ac1d827cee2f1ef97a99", "d35f7a3a6cefec82bfdad2785e78359a0e6a5fbb3f605dd5623ce88082ccd681", "d3c59549f90a891691991c17f8e58c8544060fdf3ccdea267100fa5f561ff62f", "d7ae7a0576b06cb8e8a1c265a8bc4b73d05fdee6429bffc9a26a6eb531e79d72", "ecf4d0b56ee394a0984de15bceeb97cbe1fe485f1ac205121293fc44dcf3f31f", "f0e25bb91e7a02efccb50aba6591d3fe2c725479e34769802fcdd4076abfa917", "f23951a53d18398ef1344c186fb04b26163ca6ce449ebd23404b153fd111ded9", "ff7d241f866b718e4584fa95f520cb19405220c501bd3a53ee11871ba5166ea2"]
idna = ["7588d1c14ae4c77d74036e8c22ff447b26d0fde8f007354fd48a7814db15b7cb", "a068a21ceac8a4d63dbfd964670474107f541babbd2250d61922f029858365fa"]
importlib-metadata = ["06f5b3a99029c7134207dd882428a66992a9de2bef7c2b699b5641f9886c3302", "b97607a1a18a5100839aec1dc26a1ea17ee0d93b20b0f008d80a5a050afb200b"]
keras-applications = ["5579f9a12bcde9748f4a12233925a59b93b73ae6947409ff34aa2ba258189fe5", "df4323692b8c1174af821bf906f1e442e63fa7589bf0f1230a0b6bdc5a810c95"]
keras-preprocessing = ["44aee5f2c4d80c3b29f208359fcb336df80f293a0bb6b1c738da43ca206656fb", "5a8debe01d840de93d49e05ccf1c9b81ae30e210d34dacbcc47aeb3049b528e5"]
markdown = ["90fee683eeabe1a92e149f7ba74e5ccdc81cd397bd6c516d93a8da0ef90b6902", "e4795399163109457d4c5af2183fbe6b60326c17cfdf25ce6e7474c6624f725d"]
more-itertools = ["5dd8bcf33e5f9513ffa06d5ad33d78f31e1931ac9a18f33d37e77a180d393a7c", "b1ddb932186d8a6ac451e1d95844b382f55e12686d51ca0c68b6f61f2ab7a507"]
numpy = ["1786a08236f2c92ae0e70423c45e1e62788ed33028f94ca99c4df03f5be6b3c6", "17aa7a81fe7599a10f2b7d95856dc5cf84a4eefa45bc96123cbbc3ebc568994e", "20b26aaa5b3da029942cdcce719b363dbe58696ad182aff0e5dcb1687ec946dc", "2d75908ab3ced4223ccba595b48e538afa5ecc37405923d1fea6906d7c3a50bc", "39d2c685af15d3ce682c99ce5925cc66efc824652e10990d2462dfe9b8918c6a", "56bc8ded6fcd9adea90f65377438f9fea8c05fcf7c5ba766bef258d0da1554aa", "590355aeade1a2eaba17617c19edccb7db8d78760175256e3cf94590a1a964f3", "70a840a26f4e61defa7bdf811d7498a284ced303dfbc35acb7be12a39b2aa121", "77c3bfe65d8560487052ad55c6998a04b654c2fbc36d546aef2b2e511e760971", "9537eecf179f566fd1c160a2e912ca0b8e02d773af0a7a1120ad4f7507cd0d26", "9acdf933c1fd263c513a2df3dceecea6f3ff4419d80bf238510976bf9bcb26cd", "ae0975f42ab1f28364dcda3dde3cf6c1ddab3e1d4b2909da0cb0191fa9ca0480", "b3af02ecc999c8003e538e60c89a2b37646b39b688d4e44d7373e11c2debabec", "b6ff59cee96b454516e47e7721098e6ceebef435e3e21ac2d6c3b8b02628eb77", "b765ed3930b92812aa698a455847141869ef755a87e099fddd4ccf9d81fffb57", "c98c5ffd7d41611407a1103ae11c8b634ad6a43606eca3e2a5a269e5d6e8eb07", "cf7eb6b1025d3e169989416b1adcd676624c2dbed9e3bcb7137f51bfc8cc2572", "d92350c22b150c1cae7ebb0ee8b5670cc84848f6359cf6b5d8f86617098a9b73", "e422c3152921cece8b6a2fb6b0b4d73b6579bd20ae075e7d15143e711f3ca2ca", "e840f552a509e3380b0f0ec977e8124d0dc34dc0e68289ca28f4d7c1d0d79474", "f3d0a94ad151870978fb93538e95411c83899c9dc63e6fb65542f769568ecfa5"]
oauthlib = ["bee41cc35fcca6e988463cacc3bcb8a96224f470ca547e697b604cc697b2f889", "df884cd6cbe20e32633f1db1072e9356f53638e4361bef4e8b03c9127c9328ea"]
opt-einsum = ["edfada4b1d0b3b782ace8bc14e80618ff629abf53143e1e6bbf9bd00b11ece77"]
pluggy = ["15b2acde666561e1298d71b523007ed7364de07029219b604cf808bfa1c765b0", "966c145cd83c96502c3c3868f50408687b38434af77734af1e9ca461a4081d2d"]
protobuf = ["0bae429443cc4748be2aadfdaf9633297cfaeb24a9a02d0ab15849175ce90fab", "24e3b6ad259544d717902777b33966a1a069208c885576254c112663e6a5bb0f", "2affcaba328c4662f3bc3c0e9576ea107906b2c2b6422344cdad961734ff6b93", "310a7aca6e7f257510d0c750364774034272538d51796ca31d42c3925d12a52a", "52e586072612c1eec18e1174f8e3bb19d08f075fc2e3f91d3b16c919078469d0", "73152776dc75f335c476d11d52ec6f0f6925774802cd48d6189f4d5d7fe753f4", "7774bbbaac81d3ba86de646c39f154afc8156717972bf0450c9dbfa1dc8dbea2", "82d7ac987715d8d1eb4068bf997f3053468e0ce0287e2729c30601feb6602fee", "8eb9c93798b904f141d9de36a0ba9f9b73cc382869e67c9e642c0aba53b0fc07", "adf0e4d57b33881d0c63bb11e7f9038f98ee0c3e334c221f0858f826e8fb0151", "c40973a0aee65422d8cb4e7d7cbded95dfeee0199caab54d5ab25b63bce8135a", "c77c974d1dadf246d789f6dad1c24426137c9091e930dbf50e0a29c1fcf00b1f", "dd9aa4401c36785ea1b6fff0552c674bdd1b641319cb07ed1fe2392388e9b0d7", "e11df1ac6905e81b815ab6fd518e79be0a58b5dc427a2cf7208980f30694b956", "e2f8a75261c26b2f5f3442b0525d50fd79a71aeca04b5ec270fc123536188306", "e512b7f3a4dd780f59f1bf22c302740e27b10b5c97e858a6061772668cd6f961", "ef2c2e56aaf9ee914d3dccc3408d42661aaf7d9bb78eaa8f17b2e6282f214481", "fac513a9dc2a74b99abd2e17109b53945e364649ca03d9f7a0b96aa8d1807d0a", "fdfb6ad138dbbf92b5dbea3576d7c8ba7463173f7d2cb0ca1bd336ec88ddbd80"]
py = ["5e27081401262157467ad6e7f851b7aa402c5852dbcb3dae06768434de5752aa", "c20fdd83a5dbc0af9efd622bee9a5564e278f6380fffcacc43ba6f43db2813b0"]
pyasn1 = ["014c0e9976956a08139dc0712ae195324a75e142284d5f87f1a87ee1b068a359", "03840c999ba71680a131cfaee6fab142e1ed9bbd9c693e285cc6aca0d555e576", "0458773cfe65b153891ac249bcf1b5f8f320b7c2ce462151f8fa74de8934becf", "08c3c53b75eaa48d71cf8c710312316392ed40899cb34710d092e96745a358b7", "39c7e2ec30515947ff4e87fb6f456dfc6e84857d34be479c9d4a4ba4bf46aa5d", "5c9414dcfede6e441f7e8f81b43b34e834731003427e5b09e4e00e3172a10f00", "6e7545f1a61025a4e58bb336952c5061697da694db1cae97b116e9c46abcf7c8", "78fa6da68ed2727915c4767bb386ab32cdba863caa7dbe473eaae45f9959da86", "7ab8a544af125fb704feadb008c99a88805126fb525280b2270bb25cc1d78a12", "99fcc3c8d804d1bc6d9a099921e39d827026409a58f2a720dcdb89374ea0c776", "aef77c9fb94a3ac588e87841208bdec464471d9871bd5050a287cc9a475cd0ba", "e89bf84b5437b532b0803ba5c9a5e054d21fec423a89952a74f87fa2c9b7bce2", "fec3e9d8e36808a28efb59b489e4528c10ad0f480e57dcc32b4de5c9d8c9fdf3"]
pyasn1-modules = ["0845a5582f6a02bb3e1bde9ecfc4bfcae6ec3210dd270522fee602365430c3f8", "0fe1b68d1e486a1ed5473f1302bd991c1611d319bba158e98b106ff86e1d7199", "15b7c67fabc7fc240d87fb9aabf999cf82311a6d6fb2c70d00d3d0604878c811", "426edb7a5e8879f1ec54a1864f16b882c2837bfd06eee62f2c982315ee2473ed", "65cebbaffc913f4fe9e4808735c95ea22d7a7775646ab690518c056784bc21b4", "905f84c712230b2c592c19470d3ca8d552de726050d1d1716282a1f6146be65e", "a50b808ffeb97cb3601dd25981f6b016cbb3d31fbf57a8b8a87428e6158d0c74", "a99324196732f53093a84c4369c996713eb8c89d360a496b599fb1a9c47fc3eb", "b80486a6c77252ea3a3e9b1e360bc9cf28eaac41263d173c032581ad2f20fe45", "c29a5e5cc7a3f05926aff34e097e84f8589cd790ce0ed41b67aed6857b26aafd", "cbac4bc38d117f2a49aeedec4407d23e8866ea4ac27ff2cf7fb3e5b570df19e0", "f39edd8c4ecaa4556e989147ebf219227e2cd2e8a43c7e7fcb1f1c18c5fd6a3d", "fe0644d9ab041506b62782e92b06b8c68cca799e1a9636ec398675459e031405"]
pytest = ["3f193df1cfe1d1609d4c583838bea3d532b18d6160fd3f55c9447fdca30848ec", "e246cf173c01169b9617fc07264b7b1316e78d7a650055235d6d897bc80d9660"]
requests = ["43999036bfa82904b6af1d99e4882b560e5e2c68e5c4b0aa03b655f3d7d73fee", "b3f43d496c6daba4493e7c431722aeb7dbc6288f52a6e04e7b6023b0247817e6"]
requests-oauthlib = ["7f71572defaecd16372f9006f33c2ec8c077c3cfa6f5911a9a90202beb513f3d", "b4261601a71fd721a8bd6d7aa1cc1d6a8a93b4a9f5e96626f8e4d91e8beeaa6a", "fa6c47b933f01060936d87ae9327fead68768b69c6c9ea2109c48be30f2d4dbc"]
rsa = ["14ba45700ff1ec9eeb206a2ce76b32814958a98e372006c8fb76ba820211be66", "1a836406405730121ae9823e19c6e806c62bbad73f890574fff50efa4122c487"]
scipy = ["00af72998a46c25bdb5824d2b729e7dabec0c765f9deb0b504f928591f5ff9d4", "0902a620a381f101e184a958459b36d3ee50f5effd186db76e131cbefcbb96f7", "1e3190466d669d658233e8a583b854f6386dd62d655539b77b3fa25bfb2abb70", "2cce3f9847a1a51019e8c5b47620da93950e58ebc611f13e0d11f4980ca5fecb", "3092857f36b690a321a662fe5496cb816a7f4eecd875e1d36793d92d3f884073", "386086e2972ed2db17cebf88610aab7d7f6e2c0ca30042dc9a89cf18dcc363fa", "71eb180f22c49066f25d6df16f8709f215723317cc951d99e54dc88020ea57be", "770254a280d741dd3436919d47e35712fb081a6ff8bafc0f319382b954b77802", "787cc50cab3020a865640aba3485e9fbd161d4d3b0d03a967df1a2881320512d", "8a07760d5c7f3a92e440ad3aedcc98891e915ce857664282ae3c0220f3301eb6", "8d3bc3993b8e4be7eade6dcc6fd59a412d96d3a33fa42b0fa45dc9e24495ede9", "9508a7c628a165c2c835f2497837bf6ac80eb25291055f56c129df3c943cbaf8", "a144811318853a23d32a07bc7fd5561ff0cac5da643d96ed94a4ffe967d89672", "a1aae70d52d0b074d8121333bc807a485f9f1e6a69742010b33780df2e60cfe0", "a2d6df9eb074af7f08866598e4ef068a2b310d98f87dc23bd1b90ec7bdcec802", "bb517872058a1f087c4528e7429b4a44533a902644987e7b2fe35ecc223bc408", "c5cac0c0387272ee0e789e94a570ac51deb01c796b37fb2aad1fb13f85e2f97d", "cc971a82ea1170e677443108703a2ec9ff0f70752258d0e9f5433d00dda01f59", "dba8306f6da99e37ea08c08fef6e274b5bf8567bb094d1dbe86a20e532aca088", "dc60bb302f48acf6da8ca4444cfa17d52c63c5415302a9ee77b3b21618090521", "dee1bbf3a6c8f73b6b218cb28eed8dd13347ea2f87d572ce19b289d6fd3fbc59"]
six = ["236bdbdce46e6e6a3d61a337c0f8b763ca1e8717c03b369e87a7ec7ce1319c0a", "8f3cd2e254d8f793e7f3d6d9df77b92252b52637291d0f0da013c76ea2724b6c"]
tensorboard = ["1c80eb17c9d4f2609ed11b9446f8168973f5bb7789a97e56e766a89e062a00b9", "e6e64ec1e1500cc963b300895258f9605032c3a18bb40f95f2b3b12be16ff2f2"]
tensorflow = ["1cf129ccda0aea616b122f34b0c4bc39da959d34c4a4d8c23ed944555c5e47ab", "2e8fc9764b7ea87687a4c80c2fbde69aeeb459a536eb5a591938d7931ab004c2", "33e4b16e8f8905ee088bf8f413dcce2820b777fdf7f799009b3a47f354ebb23f", "513d48dd751e0076d1b1e5e498e3522891305bedd2840f3cb4b1c57ffcb7d97d", "5cfa729fc71f6f2dca0ea77ebe768ea293e723e22ecb086a0b3ab26cc1776e37", "7bad8ea686a1f33d9dac13eb578c4597346789d4f826980c8bbcfbd08e7dc921", "8c0fae0f9f772ed7e3370f1b286f88c27debbcf09468e5036670ea2c67e239ec", "92c4f1c939de438fbe484d011e5eebe059fc8e5244cfe32a81c6891b3357d109", "c420e70d4127c2ac00054aece54cf04a1a43d5d4f25de90267f247873f1bd5a8", "e631f55cf30054fee3230c89a7f998fd08748aa3045651a5a760cec2c5b9f9d6", "e877fbf373d5be42fb118269df1670b8d3c0df9be223904a2584a8f8ed23b082"]
tensorflow-estimator = ["e5c5f648a636f18d1be4cf7ed46132b108a2f0f3fd9f1c850eba924263dc6972"]
termcolor = ["1d6d69ce66211143803fbc56652b41d73b4a400a2891d7bf7a1cdf4c02de613b"]
torch = ["271d4d1e44df6ed57c530f8849b028447c62b8a19b8e8740dd9baa56e7f682c1", "30ce089475b287a37d6fbb8d71853e672edaf66699e3dd2eb19be6ce6296732a", "405b9eb40e44037d2525b3ddb5bc4c66b519cd742bff249d4207d23f83e88ea5", "504915c6bc6051ba6a4c2a43c446463dff04411e352f1e26fe13debeae431778", "54d06a0e8ee85e5a437c24f4af9f4196c819294c23ffb5914e177756f55f1829", "6f2fd9eb8c7eaf38a982ab266dbbfba0f29fb643bc74e677d045d6f2595e4692", "8856f334aa9ecb742c1504bd2563d0ffb8dceb97149c8d72a04afa357f667dbc", "8fff03bf7b474c16e4b50da65ea14200cc64553b67b9b2307f9dc7e8c69b9d28", "9a1b1db73d8dcfd94b2eee24b939368742aa85f1217c55b8f5681e76c581e99a", "bb1e87063661414e1149bef2e3a2499ce0b5060290799d7e26bc5578037075ba", "d7b34a78f021935ad727a3bede56a8a8d4fda0b0272314a04c5f6890bbe7bb29"]
urllib3 = ["2f3db8b19923a873b3e5256dc9c2dedfa883e33d87c690d9c7913e1f40673cdc", "87716c2d2a7121198ebcb7ce7cccf6ce5e9ba539041cfbaeecfb641dc0bf6acc"]
werkzeug = ["169ba8a33788476292d04186ab33b01d6add475033dfc07215e6d219cc077096", "6dc65cf9091cf750012f56f2cad759fa9e879f511b5ff8685e456b4e3bf90d16"]
wheel = ["8788e9155fe14f54164c1b9eb0a319d98ef02c160725587ad60f14ddc57b6f96", "df277cb51e61359aba502208d680f90c0493adec6f0e848af94948778aed386e"]
wrapt = ["0ec40d9fd4ec9f9e3ff9bdd12dbd3535f4085949f4db93025089d7a673ea94e8"]
zipp = ["5c56e330306215cd3553342cfafc73dda2c60792384117893f3a83f8a1209f50", "d65287feb793213ffe11c0f31b81602be31448f38aeb8ffc2eb286c4f6f6657e"]
